// !$*UTF8*$!
{
	archiveVersion = 1;
	classes = {
	};
	objectVersion = 46;
	objects = {

/* Begin PBXAggregateTarget section */
		7E7093FD18E1D9520031420C /* AWELibraryExport */ = {
			isa = PBXAggregateTarget;
			buildConfigurationList = 7E7093FE18E1D9520031420C /* Build configuration list for PBXAggregateTarget "AWELibraryExport" */;
			buildPhases = (
				7E70941A18E2C3070031420C /* ShellScript */,
			);
			dependencies = (
			);
			name = AWELibraryExport;
			productName = AWELibraryExport;
		};
/* End PBXAggregateTarget section */

/* Begin PBXBuildFile section */
		7E70937018E1B9DC0031420C /* Foundation.framework in Frameworks */ = {isa = PBXBuildFile; fileRef = 7E70936F18E1B9DC0031420C /* Foundation.framework */; };
		7E70937E18E1B9DC0031420C /* XCTest.framework in Frameworks */ = {isa = PBXBuildFile; fileRef = 7E70937D18E1B9DC0031420C /* XCTest.framework */; };
		7E70937F18E1B9DC0031420C /* Foundation.framework in Frameworks */ = {isa = PBXBuildFile; fileRef = 7E70936F18E1B9DC0031420C /* Foundation.framework */; };
		7E70938118E1B9DC0031420C /* UIKit.framework in Frameworks */ = {isa = PBXBuildFile; fileRef = 7E70938018E1B9DC0031420C /* UIKit.framework */; };
		7E70938418E1B9DC0031420C /* libAWELibrary.a in Frameworks */ = {isa = PBXBuildFile; fileRef = 7E70936C18E1B9DC0031420C /* libAWELibrary.a */; };
		7E70938A18E1B9DC0031420C /* InfoPlist.strings in Resources */ = {isa = PBXBuildFile; fileRef = 7E70938818E1B9DC0031420C /* InfoPlist.strings */; };
		7E70938C18E1B9DC0031420C /* AWELibraryTests.m in Sources */ = {isa = PBXBuildFile; fileRef = 7E70938B18E1B9DC0031420C /* AWELibraryTests.m */; };
		7E7093AA18E1BBF40031420C /* AWEAttributeHash.m in Sources */ = {isa = PBXBuildFile; fileRef = 7E70939618E1BBF40031420C /* AWEAttributeHash.m */; };
		7E7093AB18E1BBF40031420C /* AWEDateUtils.m in Sources */ = {isa = PBXBuildFile; fileRef = 7E70939818E1BBF40031420C /* AWEDateUtils.m */; };
		7E7093AC18E1BBF40031420C /* AWEEntity.m in Sources */ = {isa = PBXBuildFile; fileRef = 7E70939A18E1BBF40031420C /* AWEEntity.m */; };
		7E7093AD18E1BBF40031420C /* AWEEntityManager.m in Sources */ = {isa = PBXBuildFile; fileRef = 7E70939C18E1BBF40031420C /* AWEEntityManager.m */; };
		7E7093AE18E1BBF40031420C /* AWEEntitySetProxy.m in Sources */ = {isa = PBXBuildFile; fileRef = 7E70939E18E1BBF40031420C /* AWEEntitySetProxy.m */; };
		7E7093AF18E1BBF40031420C /* AWEI18n.m in Sources */ = {isa = PBXBuildFile; fileRef = 7E7093A018E1BBF40031420C /* AWEI18n.m */; };
		7E7093B118E1BBF40031420C /* AWELog.m in Sources */ = {isa = PBXBuildFile; fileRef = 7E7093A518E1BBF40031420C /* AWELog.m */; };
		7E7093B218E1BBF40031420C /* AWEObservationManager.m in Sources */ = {isa = PBXBuildFile; fileRef = 7E7093A718E1BBF40031420C /* AWEObservationManager.m */; };
		7E7093B318E1BBF40031420C /* AWETimeCorrection.m in Sources */ = {isa = PBXBuildFile; fileRef = 7E7093A918E1BBF40031420C /* AWETimeCorrection.m */; };
		7E7093D718E1C18B0031420C /* CFNetwork.framework in Frameworks */ = {isa = PBXBuildFile; fileRef = 7E7093D618E1C18B0031420C /* CFNetwork.framework */; };
		7E7093D918E1C1AC0031420C /* CoreData.framework in Frameworks */ = {isa = PBXBuildFile; fileRef = 7E7093D818E1C1AC0031420C /* CoreData.framework */; };
		7E7093DF18E1C1E50031420C /* libxml2.dylib in Frameworks */ = {isa = PBXBuildFile; fileRef = 7E7093DA18E1C1E50031420C /* libxml2.dylib */; };
		7E7093E018E1C1E50031420C /* MobileCoreServices.framework in Frameworks */ = {isa = PBXBuildFile; fileRef = 7E7093DB18E1C1E50031420C /* MobileCoreServices.framework */; };
		7E7093E118E1C1E50031420C /* QuartzCore.framework in Frameworks */ = {isa = PBXBuildFile; fileRef = 7E7093DC18E1C1E50031420C /* QuartzCore.framework */; };
		7E7093E218E1C1E50031420C /* Security.framework in Frameworks */ = {isa = PBXBuildFile; fileRef = 7E7093DD18E1C1E50031420C /* Security.framework */; };
		7E7093E318E1C1E50031420C /* SystemConfiguration.framework in Frameworks */ = {isa = PBXBuildFile; fileRef = 7E7093DE18E1C1E50031420C /* SystemConfiguration.framework */; };
		7E70940F18E1E9020031420C /* libPods-RestKit.a in Frameworks */ = {isa = PBXBuildFile; fileRef = 7E70940E18E1E9020031420C /* libPods-RestKit.a */; };
		7E70941118E1E9080031420C /* libPods.a in Frameworks */ = {isa = PBXBuildFile; fileRef = 7E70941018E1E9080031420C /* libPods.a */; };
		7E70941518E2BFC90031420C /* libPods-AFNetworking.a in Frameworks */ = {isa = PBXBuildFile; fileRef = 7E70941418E2BFC90031420C /* libPods-AFNetworking.a */; };
		7E70941718E2BFCE0031420C /* libPods-SOCKit.a in Frameworks */ = {isa = PBXBuildFile; fileRef = 7E70941618E2BFCE0031420C /* libPods-SOCKit.a */; };
		7E70941918E2BFD50031420C /* libPods-TransitionKit.a in Frameworks */ = {isa = PBXBuildFile; fileRef = 7E70941818E2BFD50031420C /* libPods-TransitionKit.a */; };
/* End PBXBuildFile section */

/* Begin PBXContainerItemProxy section */
		7E70938218E1B9DC0031420C /* PBXContainerItemProxy */ = {
			isa = PBXContainerItemProxy;
			containerPortal = 7E70936418E1B9DC0031420C /* Project object */;
			proxyType = 1;
			remoteGlobalIDString = 7E70936B18E1B9DC0031420C;
			remoteInfo = AWELibrary;
		};
/* End PBXContainerItemProxy section */

/* Begin PBXCopyFilesBuildPhase section */
		7E70936A18E1B9DC0031420C /* Copy Files */ = {
			isa = PBXCopyFilesBuildPhase;
			buildActionMask = 2147483647;
			dstPath = "include/$(PRODUCT_NAME)";
			dstSubfolderSpec = 16;
			files = (
			);
			name = "Copy Files";
			runOnlyForDeploymentPostprocessing = 0;
		};
/* End PBXCopyFilesBuildPhase section */

/* Begin PBXFileReference section */
		600138A8A2CC4C57BCD401DC /* libPods.a */ = {isa = PBXFileReference; explicitFileType = archive.ar; includeInIndex = 0; path = libPods.a; sourceTree = BUILT_PRODUCTS_DIR; };
		7E70936C18E1B9DC0031420C /* libAWELibrary.a */ = {isa = PBXFileReference; explicitFileType = archive.ar; includeInIndex = 0; path = libAWELibrary.a; sourceTree = BUILT_PRODUCTS_DIR; };
		7E70936F18E1B9DC0031420C /* Foundation.framework */ = {isa = PBXFileReference; lastKnownFileType = wrapper.framework; name = Foundation.framework; path = System/Library/Frameworks/Foundation.framework; sourceTree = SDKROOT; };
		7E70937318E1B9DC0031420C /* AWELibrary-Prefix.pch */ = {isa = PBXFileReference; lastKnownFileType = sourcecode.c.h; path = "AWELibrary-Prefix.pch"; sourceTree = "<group>"; };
		7E70937C18E1B9DC0031420C /* AWELibraryTests.xctest */ = {isa = PBXFileReference; explicitFileType = wrapper.cfbundle; includeInIndex = 0; path = AWELibraryTests.xctest; sourceTree = BUILT_PRODUCTS_DIR; };
		7E70937D18E1B9DC0031420C /* XCTest.framework */ = {isa = PBXFileReference; lastKnownFileType = wrapper.framework; name = XCTest.framework; path = Library/Frameworks/XCTest.framework; sourceTree = DEVELOPER_DIR; };
		7E70938018E1B9DC0031420C /* UIKit.framework */ = {isa = PBXFileReference; lastKnownFileType = wrapper.framework; name = UIKit.framework; path = Library/Frameworks/UIKit.framework; sourceTree = DEVELOPER_DIR; };
		7E70938718E1B9DC0031420C /* AWELibraryTests-Info.plist */ = {isa = PBXFileReference; lastKnownFileType = text.plist.xml; path = "AWELibraryTests-Info.plist"; sourceTree = "<group>"; };
		7E70938918E1B9DC0031420C /* en */ = {isa = PBXFileReference; lastKnownFileType = text.plist.strings; name = en; path = en.lproj/InfoPlist.strings; sourceTree = "<group>"; };
		7E70938B18E1B9DC0031420C /* AWELibraryTests.m */ = {isa = PBXFileReference; lastKnownFileType = sourcecode.c.objc; path = AWELibraryTests.m; sourceTree = "<group>"; };
		7E70939518E1BBF40031420C /* AWEAttributeHash.h */ = {isa = PBXFileReference; fileEncoding = 4; lastKnownFileType = sourcecode.c.h; path = AWEAttributeHash.h; sourceTree = "<group>"; };
		7E70939618E1BBF40031420C /* AWEAttributeHash.m */ = {isa = PBXFileReference; fileEncoding = 4; lastKnownFileType = sourcecode.c.objc; path = AWEAttributeHash.m; sourceTree = "<group>"; };
		7E70939718E1BBF40031420C /* AWEDateUtils.h */ = {isa = PBXFileReference; fileEncoding = 4; lastKnownFileType = sourcecode.c.h; path = AWEDateUtils.h; sourceTree = "<group>"; };
		7E70939818E1BBF40031420C /* AWEDateUtils.m */ = {isa = PBXFileReference; fileEncoding = 4; lastKnownFileType = sourcecode.c.objc; path = AWEDateUtils.m; sourceTree = "<group>"; };
		7E70939918E1BBF40031420C /* AWEEntity.h */ = {isa = PBXFileReference; fileEncoding = 4; lastKnownFileType = sourcecode.c.h; path = AWEEntity.h; sourceTree = "<group>"; };
		7E70939A18E1BBF40031420C /* AWEEntity.m */ = {isa = PBXFileReference; fileEncoding = 4; lastKnownFileType = sourcecode.c.objc; path = AWEEntity.m; sourceTree = "<group>"; };
		7E70939B18E1BBF40031420C /* AWEEntityManager.h */ = {isa = PBXFileReference; fileEncoding = 4; lastKnownFileType = sourcecode.c.h; path = AWEEntityManager.h; sourceTree = "<group>"; };
		7E70939C18E1BBF40031420C /* AWEEntityManager.m */ = {isa = PBXFileReference; fileEncoding = 4; lastKnownFileType = sourcecode.c.objc; path = AWEEntityManager.m; sourceTree = "<group>"; };
		7E70939D18E1BBF40031420C /* AWEEntitySetProxy.h */ = {isa = PBXFileReference; fileEncoding = 4; lastKnownFileType = sourcecode.c.h; path = AWEEntitySetProxy.h; sourceTree = "<group>"; };
		7E70939E18E1BBF40031420C /* AWEEntitySetProxy.m */ = {isa = PBXFileReference; fileEncoding = 4; lastKnownFileType = sourcecode.c.objc; path = AWEEntitySetProxy.m; sourceTree = "<group>"; };
		7E70939F18E1BBF40031420C /* AWEI18n.h */ = {isa = PBXFileReference; fileEncoding = 4; lastKnownFileType = sourcecode.c.h; path = AWEI18n.h; sourceTree = "<group>"; };
		7E7093A018E1BBF40031420C /* AWEI18n.m */ = {isa = PBXFileReference; fileEncoding = 4; lastKnownFileType = sourcecode.c.objc; path = AWEI18n.m; sourceTree = "<group>"; };
		7E7093A118E1BBF40031420C /* AWELibrary-Prefix.pch */ = {isa = PBXFileReference; fileEncoding = 4; lastKnownFileType = sourcecode.c.h; path = "AWELibrary-Prefix.pch"; sourceTree = "<group>"; };
		7E7093A418E1BBF40031420C /* AWELog.h */ = {isa = PBXFileReference; fileEncoding = 4; lastKnownFileType = sourcecode.c.h; path = AWELog.h; sourceTree = "<group>"; };
		7E7093A518E1BBF40031420C /* AWELog.m */ = {isa = PBXFileReference; fileEncoding = 4; lastKnownFileType = sourcecode.c.objc; path = AWELog.m; sourceTree = "<group>"; };
		7E7093A618E1BBF40031420C /* AWEObservationManager.h */ = {isa = PBXFileReference; fileEncoding = 4; lastKnownFileType = sourcecode.c.h; path = AWEObservationManager.h; sourceTree = "<group>"; };
		7E7093A718E1BBF40031420C /* AWEObservationManager.m */ = {isa = PBXFileReference; fileEncoding = 4; lastKnownFileType = sourcecode.c.objc; path = AWEObservationManager.m; sourceTree = "<group>"; };
		7E7093A818E1BBF40031420C /* AWETimeCorrection.h */ = {isa = PBXFileReference; fileEncoding = 4; lastKnownFileType = sourcecode.c.h; path = AWETimeCorrection.h; sourceTree = "<group>"; };
		7E7093A918E1BBF40031420C /* AWETimeCorrection.m */ = {isa = PBXFileReference; fileEncoding = 4; lastKnownFileType = sourcecode.c.objc; path = AWETimeCorrection.m; sourceTree = "<group>"; };
		7E7093D618E1C18B0031420C /* CFNetwork.framework */ = {isa = PBXFileReference; lastKnownFileType = wrapper.framework; name = CFNetwork.framework; path = System/Library/Frameworks/CFNetwork.framework; sourceTree = SDKROOT; };
		7E7093D818E1C1AC0031420C /* CoreData.framework */ = {isa = PBXFileReference; lastKnownFileType = wrapper.framework; name = CoreData.framework; path = System/Library/Frameworks/CoreData.framework; sourceTree = SDKROOT; };
		7E7093DA18E1C1E50031420C /* libxml2.dylib */ = {isa = PBXFileReference; lastKnownFileType = "compiled.mach-o.dylib"; name = libxml2.dylib; path = usr/lib/libxml2.dylib; sourceTree = SDKROOT; };
		7E7093DB18E1C1E50031420C /* MobileCoreServices.framework */ = {isa = PBXFileReference; lastKnownFileType = wrapper.framework; name = MobileCoreServices.framework; path = System/Library/Frameworks/MobileCoreServices.framework; sourceTree = SDKROOT; };
		7E7093DC18E1C1E50031420C /* QuartzCore.framework */ = {isa = PBXFileReference; lastKnownFileType = wrapper.framework; name = QuartzCore.framework; path = System/Library/Frameworks/QuartzCore.framework; sourceTree = SDKROOT; };
		7E7093DD18E1C1E50031420C /* Security.framework */ = {isa = PBXFileReference; lastKnownFileType = wrapper.framework; name = Security.framework; path = System/Library/Frameworks/Security.framework; sourceTree = SDKROOT; };
		7E7093DE18E1C1E50031420C /* SystemConfiguration.framework */ = {isa = PBXFileReference; lastKnownFileType = wrapper.framework; name = SystemConfiguration.framework; path = System/Library/Frameworks/SystemConfiguration.framework; sourceTree = SDKROOT; };
		7E70940E18E1E9020031420C /* libPods-RestKit.a */ = {isa = PBXFileReference; lastKnownFileType = archive.ar; name = "libPods-RestKit.a"; path = "Pods/build/Release-iphoneos/libPods-RestKit.a"; sourceTree = "<group>"; };
		7E70941018E1E9080031420C /* libPods.a */ = {isa = PBXFileReference; lastKnownFileType = archive.ar; name = libPods.a; path = "Pods/build/Debug-iphoneos/libPods.a"; sourceTree = "<group>"; };
		7E70941418E2BFC90031420C /* libPods-AFNetworking.a */ = {isa = PBXFileReference; lastKnownFileType = archive.ar; name = "libPods-AFNetworking.a"; path = "Pods/build/Debug-iphoneos/libPods-AFNetworking.a"; sourceTree = "<group>"; };
		7E70941618E2BFCE0031420C /* libPods-SOCKit.a */ = {isa = PBXFileReference; lastKnownFileType = archive.ar; name = "libPods-SOCKit.a"; path = "Pods/build/Debug-iphoneos/libPods-SOCKit.a"; sourceTree = "<group>"; };
		7E70941818E2BFD50031420C /* libPods-TransitionKit.a */ = {isa = PBXFileReference; lastKnownFileType = archive.ar; name = "libPods-TransitionKit.a"; path = "Pods/build/Debug-iphoneos/libPods-TransitionKit.a"; sourceTree = "<group>"; };
		F11F6D3B3D58408F8905A1D8 /* Pods.xcconfig */ = {isa = PBXFileReference; includeInIndex = 1; lastKnownFileType = text.xcconfig; name = Pods.xcconfig; path = Pods/Pods.xcconfig; sourceTree = "<group>"; };
/* End PBXFileReference section */

/* Begin PBXFrameworksBuildPhase section */
		7E70936918E1B9DC0031420C /* Frameworks */ = {
			isa = PBXFrameworksBuildPhase;
			buildActionMask = 2147483647;
			files = (
				7E70941918E2BFD50031420C /* libPods-TransitionKit.a in Frameworks */,
				7E70941718E2BFCE0031420C /* libPods-SOCKit.a in Frameworks */,
				7E70941518E2BFC90031420C /* libPods-AFNetworking.a in Frameworks */,
				7E70941118E1E9080031420C /* libPods.a in Frameworks */,
				7E70940F18E1E9020031420C /* libPods-RestKit.a in Frameworks */,
				7E7093DF18E1C1E50031420C /* libxml2.dylib in Frameworks */,
				7E7093E018E1C1E50031420C /* MobileCoreServices.framework in Frameworks */,
				7E7093E118E1C1E50031420C /* QuartzCore.framework in Frameworks */,
				7E7093E218E1C1E50031420C /* Security.framework in Frameworks */,
				7E7093E318E1C1E50031420C /* SystemConfiguration.framework in Frameworks */,
				7E7093D918E1C1AC0031420C /* CoreData.framework in Frameworks */,
				7E7093D718E1C18B0031420C /* CFNetwork.framework in Frameworks */,
				7E70937018E1B9DC0031420C /* Foundation.framework in Frameworks */,
			);
			runOnlyForDeploymentPostprocessing = 0;
		};
		7E70937918E1B9DC0031420C /* Frameworks */ = {
			isa = PBXFrameworksBuildPhase;
			buildActionMask = 2147483647;
			files = (
				7E70937E18E1B9DC0031420C /* XCTest.framework in Frameworks */,
				7E70938118E1B9DC0031420C /* UIKit.framework in Frameworks */,
				7E70937F18E1B9DC0031420C /* Foundation.framework in Frameworks */,
				7E70938418E1B9DC0031420C /* libAWELibrary.a in Frameworks */,
			);
			runOnlyForDeploymentPostprocessing = 0;
		};
/* End PBXFrameworksBuildPhase section */

/* Begin PBXGroup section */
		7E70936318E1B9DC0031420C = {
			isa = PBXGroup;
			children = (
				7E70937118E1B9DC0031420C /* AWELibrary */,
				7E70938518E1B9DC0031420C /* AWELibraryTests */,
				7E70936E18E1B9DC0031420C /* Frameworks */,
				7E70936D18E1B9DC0031420C /* Products */,
				F11F6D3B3D58408F8905A1D8 /* Pods.xcconfig */,
			);
			sourceTree = "<group>";
		};
		7E70936D18E1B9DC0031420C /* Products */ = {
			isa = PBXGroup;
			children = (
				7E70936C18E1B9DC0031420C /* libAWELibrary.a */,
				7E70937C18E1B9DC0031420C /* AWELibraryTests.xctest */,
			);
			name = Products;
			sourceTree = "<group>";
		};
		7E70936E18E1B9DC0031420C /* Frameworks */ = {
			isa = PBXGroup;
			children = (
				7E70941818E2BFD50031420C /* libPods-TransitionKit.a */,
				7E70941618E2BFCE0031420C /* libPods-SOCKit.a */,
				7E70941418E2BFC90031420C /* libPods-AFNetworking.a */,
				7E70941018E1E9080031420C /* libPods.a */,
				7E70940E18E1E9020031420C /* libPods-RestKit.a */,
				7E7093DA18E1C1E50031420C /* libxml2.dylib */,
				7E7093DB18E1C1E50031420C /* MobileCoreServices.framework */,
				7E7093DC18E1C1E50031420C /* QuartzCore.framework */,
				7E7093DD18E1C1E50031420C /* Security.framework */,
				7E7093DE18E1C1E50031420C /* SystemConfiguration.framework */,
				7E7093D818E1C1AC0031420C /* CoreData.framework */,
				7E7093D618E1C18B0031420C /* CFNetwork.framework */,
				7E70936F18E1B9DC0031420C /* Foundation.framework */,
				7E70937D18E1B9DC0031420C /* XCTest.framework */,
				7E70938018E1B9DC0031420C /* UIKit.framework */,
				600138A8A2CC4C57BCD401DC /* libPods.a */,
			);
			name = Frameworks;
			sourceTree = "<group>";
		};
		7E70937118E1B9DC0031420C /* AWELibrary */ = {
			isa = PBXGroup;
			children = (
				7E70939518E1BBF40031420C /* AWEAttributeHash.h */,
				7E70939618E1BBF40031420C /* AWEAttributeHash.m */,
				7E70939718E1BBF40031420C /* AWEDateUtils.h */,
				7E70939818E1BBF40031420C /* AWEDateUtils.m */,
				7E70939918E1BBF40031420C /* AWEEntity.h */,
				7E70939A18E1BBF40031420C /* AWEEntity.m */,
				7E70939B18E1BBF40031420C /* AWEEntityManager.h */,
				7E70939C18E1BBF40031420C /* AWEEntityManager.m */,
				7E70939D18E1BBF40031420C /* AWEEntitySetProxy.h */,
				7E70939E18E1BBF40031420C /* AWEEntitySetProxy.m */,
				7E70939F18E1BBF40031420C /* AWEI18n.h */,
				7E7093A018E1BBF40031420C /* AWEI18n.m */,
				7E7093A118E1BBF40031420C /* AWELibrary-Prefix.pch */,
				7E7093A418E1BBF40031420C /* AWELog.h */,
				7E7093A518E1BBF40031420C /* AWELog.m */,
				7E7093A618E1BBF40031420C /* AWEObservationManager.h */,
				7E7093A718E1BBF40031420C /* AWEObservationManager.m */,
				7E7093A818E1BBF40031420C /* AWETimeCorrection.h */,
				7E7093A918E1BBF40031420C /* AWETimeCorrection.m */,
				7E70937218E1B9DC0031420C /* Supporting Files */,
			);
			path = AWELibrary;
			sourceTree = "<group>";
		};
		7E70937218E1B9DC0031420C /* Supporting Files */ = {
			isa = PBXGroup;
			children = (
				7E70937318E1B9DC0031420C /* AWELibrary-Prefix.pch */,
			);
			name = "Supporting Files";
			sourceTree = "<group>";
		};
		7E70938518E1B9DC0031420C /* AWELibraryTests */ = {
			isa = PBXGroup;
			children = (
				7E70938B18E1B9DC0031420C /* AWELibraryTests.m */,
				7E70938618E1B9DC0031420C /* Supporting Files */,
			);
			path = AWELibraryTests;
			sourceTree = "<group>";
		};
		7E70938618E1B9DC0031420C /* Supporting Files */ = {
			isa = PBXGroup;
			children = (
				7E70938718E1B9DC0031420C /* AWELibraryTests-Info.plist */,
				7E70938818E1B9DC0031420C /* InfoPlist.strings */,
			);
			name = "Supporting Files";
			sourceTree = "<group>";
		};
/* End PBXGroup section */

/* Begin PBXNativeTarget section */
		7E70936B18E1B9DC0031420C /* AWELibrary */ = {
			isa = PBXNativeTarget;
			buildConfigurationList = 7E70938F18E1B9DC0031420C /* Build configuration list for PBXNativeTarget "AWELibrary" */;
			buildPhases = (
				54C9542573D140E8B8A61C3D /* Check Pods Manifest.lock */,
				7E70936818E1B9DC0031420C /* Sources */,
				7E70936918E1B9DC0031420C /* Frameworks */,
				7E70936A18E1B9DC0031420C /* Copy Files */,
				29970F0FC4B54A3C8DB094A7 /* Copy Pods Resources */,
			);
			buildRules = (
			);
			dependencies = (
			);
			name = AWELibrary;
			productName = AWELibrary;
			productReference = 7E70936C18E1B9DC0031420C /* libAWELibrary.a */;
			productType = "com.apple.product-type.library.static";
		};
		7E70937B18E1B9DC0031420C /* AWELibraryTests */ = {
			isa = PBXNativeTarget;
			buildConfigurationList = 7E70939218E1B9DC0031420C /* Build configuration list for PBXNativeTarget "AWELibraryTests" */;
			buildPhases = (
				7E70937818E1B9DC0031420C /* Sources */,
				7E70937918E1B9DC0031420C /* Frameworks */,
				7E70937A18E1B9DC0031420C /* Resources */,
			);
			buildRules = (
			);
			dependencies = (
				7E70938318E1B9DC0031420C /* PBXTargetDependency */,
			);
			name = AWELibraryTests;
			productName = AWELibraryTests;
			productReference = 7E70937C18E1B9DC0031420C /* AWELibraryTests.xctest */;
			productType = "com.apple.product-type.bundle.unit-test";
		};
/* End PBXNativeTarget section */

/* Begin PBXProject section */
		7E70936418E1B9DC0031420C /* Project object */ = {
			isa = PBXProject;
			attributes = {
				LastUpgradeCheck = 0500;
				ORGANIZATIONNAME = 5DLab;
			};
			buildConfigurationList = 7E70936718E1B9DC0031420C /* Build configuration list for PBXProject "AWELibrary" */;
			compatibilityVersion = "Xcode 3.2";
			developmentRegion = English;
			hasScannedForEncodings = 0;
			knownRegions = (
				en,
			);
			mainGroup = 7E70936318E1B9DC0031420C;
			productRefGroup = 7E70936D18E1B9DC0031420C /* Products */;
			projectDirPath = "";
			projectRoot = "";
			targets = (
				7E70936B18E1B9DC0031420C /* AWELibrary */,
				7E70937B18E1B9DC0031420C /* AWELibraryTests */,
				7E7093FD18E1D9520031420C /* AWELibraryExport */,
			);
		};
/* End PBXProject section */

/* Begin PBXResourcesBuildPhase section */
		7E70937A18E1B9DC0031420C /* Resources */ = {
			isa = PBXResourcesBuildPhase;
			buildActionMask = 2147483647;
			files = (
				7E70938A18E1B9DC0031420C /* InfoPlist.strings in Resources */,
			);
			runOnlyForDeploymentPostprocessing = 0;
		};
/* End PBXResourcesBuildPhase section */

/* Begin PBXShellScriptBuildPhase section */
		29970F0FC4B54A3C8DB094A7 /* Copy Pods Resources */ = {
			isa = PBXShellScriptBuildPhase;
			buildActionMask = 2147483647;
			files = (
			);
			inputPaths = (
			);
			name = "Copy Pods Resources";
			outputPaths = (
			);
			runOnlyForDeploymentPostprocessing = 0;
			shellPath = /bin/sh;
			shellScript = "\"${SRCROOT}/Pods/Pods-resources.sh\"\n";
			showEnvVarsInLog = 0;
		};
		54C9542573D140E8B8A61C3D /* Check Pods Manifest.lock */ = {
			isa = PBXShellScriptBuildPhase;
			buildActionMask = 2147483647;
			files = (
			);
			inputPaths = (
			);
			name = "Check Pods Manifest.lock";
			outputPaths = (
			);
			runOnlyForDeploymentPostprocessing = 0;
			shellPath = /bin/sh;
			shellScript = "diff \"${PODS_ROOT}/../Podfile.lock\" \"${PODS_ROOT}/Manifest.lock\" > /dev/null\nif [[ $? != 0 ]] ; then\n    cat << EOM\nerror: The sandbox is not in sync with the Podfile.lock. Run 'pod install' or update your CocoaPods installation.\nEOM\n    exit 1\nfi\n";
			showEnvVarsInLog = 0;
		};
		7E70941A18E2C3070031420C /* ShellScript */ = {
			isa = PBXShellScriptBuildPhase;
			buildActionMask = 2147483647;
			files = (
			);
			inputPaths = (
			);
			outputPaths = (
			);
			runOnlyForDeploymentPostprocessing = 0;
			shellPath = /bin/sh;
			shellScript = "# define output folder environment variable\nUNIVERSAL_OUTPUTFOLDER=${BUILD_DIR}/${CONFIGURATION}-universal\n\n# Step 1. Build Device and Simulator versions\nxcodebuild -target ImageFilters ONLY_ACTIVE_ARCH=NO -configuration ${CONFIGURATION} -sdk iphoneos  BUILD_DIR=\"${BUILD_DIR}\" BUILD_ROOT=\"${BUILD_ROOT}\"\nxcodebuild -target ImageFilters -configuration ${CONFIGURATION} -sdk iphonesimulator -arch i386 BUILD_DIR=\"${BUILD_DIR}\" BUILD_ROOT=\"${BUILD_ROOT}\"\n\n# make sure the output directory exists\nmkdir -p \"${UNIVERSAL_OUTPUTFOLDER}\"\n\n# Step 2. Create universal binary file using lipo\nlipo -create -output \"${UNIVERSAL_OUTPUTFOLDER}/lib${PROJECT_NAME}.a\" \"${BUILD_DIR}/${CONFIGURATION}-iphoneos/lib${PROJECT_NAME}.a\" \"${BUILD_DIR}/${CONFIGURATION}-iphonesimulator/lib${PROJECT_NAME}.a\"\n\n# Last touch. copy the header files. Just for convenience\ncp -R \"${BUILD_DIR}/${CONFIGURATION}-iphoneos/include\" \"${UNIVERSAL_OUTPUTFOLDER}/\"";
		};
/* End PBXShellScriptBuildPhase section */

/* Begin PBXSourcesBuildPhase section */
		7E70936818E1B9DC0031420C /* Sources */ = {
			isa = PBXSourcesBuildPhase;
			buildActionMask = 2147483647;
			files = (
				7E7093B318E1BBF40031420C /* AWETimeCorrection.m in Sources */,
				7E7093AC18E1BBF40031420C /* AWEEntity.m in Sources */,
				7E7093AB18E1BBF40031420C /* AWEDateUtils.m in Sources */,
				7E7093AE18E1BBF40031420C /* AWEEntitySetProxy.m in Sources */,
				7E7093B218E1BBF40031420C /* AWEObservationManager.m in Sources */,
				7E7093B118E1BBF40031420C /* AWELog.m in Sources */,
				7E7093AD18E1BBF40031420C /* AWEEntityManager.m in Sources */,
				7E7093AF18E1BBF40031420C /* AWEI18n.m in Sources */,
				7E7093AA18E1BBF40031420C /* AWEAttributeHash.m in Sources */,
			);
			runOnlyForDeploymentPostprocessing = 0;
		};
		7E70937818E1B9DC0031420C /* Sources */ = {
			isa = PBXSourcesBuildPhase;
			buildActionMask = 2147483647;
			files = (
				7E70938C18E1B9DC0031420C /* AWELibraryTests.m in Sources */,
			);
			runOnlyForDeploymentPostprocessing = 0;
		};
/* End PBXSourcesBuildPhase section */

/* Begin PBXTargetDependency section */
		7E70938318E1B9DC0031420C /* PBXTargetDependency */ = {
			isa = PBXTargetDependency;
			target = 7E70936B18E1B9DC0031420C /* AWELibrary */;
			targetProxy = 7E70938218E1B9DC0031420C /* PBXContainerItemProxy */;
		};
/* End PBXTargetDependency section */

/* Begin PBXVariantGroup section */
		7E70938818E1B9DC0031420C /* InfoPlist.strings */ = {
			isa = PBXVariantGroup;
			children = (
				7E70938918E1B9DC0031420C /* en */,
			);
			name = InfoPlist.strings;
			sourceTree = "<group>";
		};
/* End PBXVariantGroup section */

/* Begin XCBuildConfiguration section */
		7E70938D18E1B9DC0031420C /* Debug */ = {
			isa = XCBuildConfiguration;
			buildSettings = {
				ALWAYS_SEARCH_USER_PATHS = NO;
				ARCHS = "$(ARCHS_STANDARD_INCLUDING_64_BIT)";
				CLANG_CXX_LANGUAGE_STANDARD = "gnu++0x";
				CLANG_CXX_LIBRARY = "libc++";
				CLANG_ENABLE_MODULES = YES;
				CLANG_ENABLE_OBJC_ARC = YES;
				CLANG_WARN_BOOL_CONVERSION = YES;
				CLANG_WARN_CONSTANT_CONVERSION = YES;
				CLANG_WARN_DIRECT_OBJC_ISA_USAGE = YES_ERROR;
				CLANG_WARN_EMPTY_BODY = YES;
				CLANG_WARN_ENUM_CONVERSION = YES;
				CLANG_WARN_INT_CONVERSION = YES;
				CLANG_WARN_OBJC_ROOT_CLASS = YES_ERROR;
				CLANG_WARN__DUPLICATE_METHOD_MATCH = YES;
				COPY_PHASE_STRIP = NO;
				GCC_C_LANGUAGE_STANDARD = gnu99;
				GCC_DYNAMIC_NO_PIC = NO;
				GCC_OPTIMIZATION_LEVEL = 0;
				GCC_PREPROCESSOR_DEFINITIONS = (
					"DEBUG=1",
					"$(inherited)",
				);
				GCC_SYMBOLS_PRIVATE_EXTERN = NO;
				GCC_WARN_64_TO_32_BIT_CONVERSION = YES;
				GCC_WARN_ABOUT_RETURN_TYPE = YES_ERROR;
				GCC_WARN_UNDECLARED_SELECTOR = YES;
				GCC_WARN_UNINITIALIZED_AUTOS = YES;
				GCC_WARN_UNUSED_FUNCTION = YES;
				GCC_WARN_UNUSED_VARIABLE = YES;
				HEADER_SEARCH_PATHS = "\"$(BUILT_PRODUCTS_DIR)/../../Headers\"";
				IPHONEOS_DEPLOYMENT_TARGET = 7.0;
				ONLY_ACTIVE_ARCH = YES;
				OTHER_LDFLAGS = (
					"-ObjC",
					"-all_load",
				);
				SDKROOT = iphoneos;
			};
			name = Debug;
		};
		7E70938E18E1B9DC0031420C /* Release */ = {
			isa = XCBuildConfiguration;
			buildSettings = {
				ALWAYS_SEARCH_USER_PATHS = NO;
				ARCHS = "$(ARCHS_STANDARD_INCLUDING_64_BIT)";
				CLANG_CXX_LANGUAGE_STANDARD = "gnu++0x";
				CLANG_CXX_LIBRARY = "libc++";
				CLANG_ENABLE_MODULES = YES;
				CLANG_ENABLE_OBJC_ARC = YES;
				CLANG_WARN_BOOL_CONVERSION = YES;
				CLANG_WARN_CONSTANT_CONVERSION = YES;
				CLANG_WARN_DIRECT_OBJC_ISA_USAGE = YES_ERROR;
				CLANG_WARN_EMPTY_BODY = YES;
				CLANG_WARN_ENUM_CONVERSION = YES;
				CLANG_WARN_INT_CONVERSION = YES;
				CLANG_WARN_OBJC_ROOT_CLASS = YES_ERROR;
				CLANG_WARN__DUPLICATE_METHOD_MATCH = YES;
				COPY_PHASE_STRIP = YES;
				ENABLE_NS_ASSERTIONS = NO;
				GCC_C_LANGUAGE_STANDARD = gnu99;
				GCC_WARN_64_TO_32_BIT_CONVERSION = YES;
				GCC_WARN_ABOUT_RETURN_TYPE = YES_ERROR;
				GCC_WARN_UNDECLARED_SELECTOR = YES;
				GCC_WARN_UNINITIALIZED_AUTOS = YES;
				GCC_WARN_UNUSED_FUNCTION = YES;
				GCC_WARN_UNUSED_VARIABLE = YES;
				HEADER_SEARCH_PATHS = "\"$(BUILT_PRODUCTS_DIR)/../../Headers\"";
				IPHONEOS_DEPLOYMENT_TARGET = 7.0;
				OTHER_LDFLAGS = (
					"-ObjC",
					"-all_load",
				);
				SDKROOT = iphoneos;
				VALIDATE_PRODUCT = YES;
			};
			name = Release;
		};
		7E70939018E1B9DC0031420C /* Debug */ = {
			isa = XCBuildConfiguration;
			baseConfigurationReference = F11F6D3B3D58408F8905A1D8 /* Pods.xcconfig */;
			buildSettings = {
				DSTROOT = /tmp/AWELibrary.dst;
				FRAMEWORK_SEARCH_PATHS = RestKit/Build;
				GCC_PRECOMPILE_PREFIX_HEADER = YES;
				GCC_PREFIX_HEADER = "AWELibrary/AWELibrary-Prefix.pch";
				HEADER_SEARCH_PATHS = (
					"$(inherited)",
					/Applications/Xcode.app/Contents/Developer/Toolchains/XcodeDefault.xctoolchain/usr/include,
					ARDemo/libs/vuforia/build/include,
					"\"$(BUILT_PRODUCTS_DIR)/../../Headers\"",
					/usr/include/libxml2,
				);
				"HEADER_SEARCH_PATHS[arch=*]" = (
					xcodebuild,
					"-project",
					RestKit/RestKit.xcodeproj,
					"-target",
					RestKit,
					"-sdk",
					iphonesimulator,
					"-configuration",
					Debug,
					clean,
					"build\n",
				);
				LIBRARY_SEARCH_PATHS = "";
				OTHER_LDFLAGS = (
					"-ObjC",
					"-all_load",
				);
				PRODUCT_NAME = "$(TARGET_NAME)";
				SKIP_INSTALL = YES;
			};
			name = Debug;
		};
		7E70939118E1B9DC0031420C /* Release */ = {
			isa = XCBuildConfiguration;
			baseConfigurationReference = F11F6D3B3D58408F8905A1D8 /* Pods.xcconfig */;
			buildSettings = {
				DSTROOT = /tmp/AWELibrary.dst;
				FRAMEWORK_SEARCH_PATHS = RestKit/Build;
				GCC_PRECOMPILE_PREFIX_HEADER = YES;
				GCC_PREFIX_HEADER = "AWELibrary/AWELibrary-Prefix.pch";
				HEADER_SEARCH_PATHS = (
					"$(inherited)",
					/Applications/Xcode.app/Contents/Developer/Toolchains/XcodeDefault.xctoolchain/usr/include,
					ARDemo/libs/vuforia/build/include,
					"\"$(BUILT_PRODUCTS_DIR)/../../Headers\"",
					/usr/include/libxml2,
				);
				LIBRARY_SEARCH_PATHS = "";
				OTHER_LDFLAGS = (
					"-ObjC",
					"-all_load",
				);
				PRODUCT_NAME = "$(TARGET_NAME)";
				SKIP_INSTALL = YES;
			};
			name = Release;
		};
		7E70939318E1B9DC0031420C /* Debug */ = {
			isa = XCBuildConfiguration;
			buildSettings = {
				ARCHS = "$(ARCHS_STANDARD_INCLUDING_64_BIT)";
				FRAMEWORK_SEARCH_PATHS = (
					"$(SDKROOT)/Developer/Library/Frameworks",
					"$(inherited)",
					"$(DEVELOPER_FRAMEWORKS_DIR)",
				);
				GCC_PRECOMPILE_PREFIX_HEADER = YES;
				GCC_PREFIX_HEADER = "AWELibrary/AWELibrary-Prefix.pch";
				GCC_PREPROCESSOR_DEFINITIONS = (
					"DEBUG=1",
					"$(inherited)",
				);
				INFOPLIST_FILE = "AWELibraryTests/AWELibraryTests-Info.plist";
				PRODUCT_NAME = "$(TARGET_NAME)";
				WRAPPER_EXTENSION = xctest;
			};
			name = Debug;
		};
		7E70939418E1B9DC0031420C /* Release */ = {
			isa = XCBuildConfiguration;
			buildSettings = {
				ARCHS = "$(ARCHS_STANDARD_INCLUDING_64_BIT)";
				FRAMEWORK_SEARCH_PATHS = (
					"$(SDKROOT)/Developer/Library/Frameworks",
					"$(inherited)",
					"$(DEVELOPER_FRAMEWORKS_DIR)",
				);
				GCC_PRECOMPILE_PREFIX_HEADER = YES;
				GCC_PREFIX_HEADER = "AWELibrary/AWELibrary-Prefix.pch";
				INFOPLIST_FILE = "AWELibraryTests/AWELibraryTests-Info.plist";
				PRODUCT_NAME = "$(TARGET_NAME)";
				WRAPPER_EXTENSION = xctest;
			};
			name = Release;
		};
		7E7093FF18E1D9520031420C /* Debug */ = {
			isa = XCBuildConfiguration;
			buildSettings = {
				PRODUCT_NAME = "$(TARGET_NAME)";
			};
			name = Debug;
		};
		7E70940018E1D9520031420C /* Release */ = {
			isa = XCBuildConfiguration;
			buildSettings = {
				PRODUCT_NAME = "$(TARGET_NAME)";
			};
			name = Release;
		};
/* End XCBuildConfiguration section */

/* Begin XCConfigurationList section */
		7E70936718E1B9DC0031420C /* Build configuration list for PBXProject "AWELibrary" */ = {
			isa = XCConfigurationList;
			buildConfigurations = (
				7E70938D18E1B9DC0031420C /* Debug */,
				7E70938E18E1B9DC0031420C /* Release */,
			);
			defaultConfigurationIsVisible = 0;
			defaultConfigurationName = Release;
		};
		7E70938F18E1B9DC0031420C /* Build configuration list for PBXNativeTarget "AWELibrary" */ = {
			isa = XCConfigurationList;
			buildConfigurations = (
				7E70939018E1B9DC0031420C /* Debug */,
				7E70939118E1B9DC0031420C /* Release */,
			);
			defaultConfigurationIsVisible = 0;
			defaultConfigurationName = Release;
		};
		7E70939218E1B9DC0031420C /* Build configuration list for PBXNativeTarget "AWELibraryTests" */ = {
			isa = XCConfigurationList;
			buildConfigurations = (
				7E70939318E1B9DC0031420C /* Debug */,
				7E70939418E1B9DC0031420C /* Release */,
			);
			defaultConfigurationIsVisible = 0;
			defaultConfigurationName = Release;
		};
		7E7093FE18E1D9520031420C /* Build configuration list for PBXAggregateTarget "AWELibraryExport" */ = {
			isa = XCConfigurationList;
			buildConfigurations = (
				7E7093FF18E1D9520031420C /* Debug */,
				7E70940018E1D9520031420C /* Release */,
			);
			defaultConfigurationIsVisible = 0;
			defaultConfigurationName = Release;
		};
/* End XCConfigurationList section */
	};
	rootObject = 7E70936418E1B9DC0031420C /* Project object */;
}
